
Microsoft Visual Studio Solution File, Format Version 12.00
# Visual Studio 14
VisualStudioVersion = 14.0.25420.1
MinimumVisualStudioVersion = 10.0.40219.1
Project("{FAE04EC0-301F-11D3-BF4B-00C04F79EFBC}") = "Model", "Model\Model.csproj", "{956B93C6-13DD-41ED-8E45-1A343ACA6602}"
EndProject
Project("{FAE04EC0-301F-11D3-BF4B-00C04F79EFBC}") = "View", "View\View.csproj", "{04774F60-30C7-40F9-828B-AE4178004926}"
EndProject
Global
	GlobalSection(SolutionConfigurationPlatforms) = preSolution
		Debug|Any CPU = Debug|Any CPU
		Release|Any CPU = Release|Any CPU
	EndGlobalSection
	GlobalSection(ProjectConfigurationPlatforms) = postSolution
		{956B93C6-13DD-41ED-8E45-1A343ACA6602}.Debug|Any CPU.ActiveCfg = Debug|Any CPU
		{956B93C6-13DD-41ED-8E45-1A343ACA6602}.Debug|Any CPU.Build.0 = Debug|Any CPU
		{956B93C6-13DD-41ED-8E45-1A343ACA6602}.Release|Any CPU.ActiveCfg = Release|Any CPU
		{956B93C6-13DD-41ED-8E45-1A343ACA6602}.Release|Any CPU.Build.0 = Release|Any CPU
		{04774F60-30C7-40F9-828B-AE4178004926}.Debug|Any CPU.ActiveCfg = Debug|Any CPU
		{04774F60-30C7-40F9-828B-AE4178004926}.Debug|Any CPU.Build.0 = Debug|Any CPU
		{04774F60-30C7-40F9-828B-AE4178004926}.Release|Any CPU.ActiveCfg = Release|Any CPU
		{04774F60-30C7-40F9-828B-AE4178004926}.Release|Any CPU.Build.0 = Release|Any CPU
	EndGlobalSection
	GlobalSection(SolutionProperties) = preSolution
		HideSolutionNode = FALSE
	EndGlobalSection
EndGlobal
